// !$*UTF8*$!
{
	archiveVersion = 1;
	classes = {
	};
	objectVersion = 46;
	objects = {

/* Begin PBXBuildFile section */
		CA4896841ACF30EA003D6D94 /* PlaySoundsViewController.swift in Sources */ = {isa = PBXBuildFile; fileRef = CA4896831ACF30EA003D6D94 /* PlaySoundsViewController.swift */; };
		CA4896881ACF359E003D6D94 /* movie_quote.mp3 in Resources */ = {isa = PBXBuildFile; fileRef = CA4896871ACF359E003D6D94 /* movie_quote.mp3 */; };
		CA6FA29E1AAE46D5004C7939 /* AppDelegate.swift in Sources */ = {isa = PBXBuildFile; fileRef = CA6FA29D1AAE46D5004C7939 /* AppDelegate.swift */; };
		CA6FA2A01AAE46D5004C7939 /* ViewController.swift in Sources */ = {isa = PBXBuildFile; fileRef = CA6FA29F1AAE46D5004C7939 /* ViewController.swift */; };
		CA6FA2A31AAE46D5004C7939 /* Main.storyboard in Resources */ = {isa = PBXBuildFile; fileRef = CA6FA2A11AAE46D5004C7939 /* Main.storyboard */; };
		CA6FA2A51AAE46D5004C7939 /* Images.xcassets in Resources */ = {isa = PBXBuildFile; fileRef = CA6FA2A41AAE46D5004C7939 /* Images.xcassets */; };
		CA6FA2A81AAE46D5004C7939 /* LaunchScreen.xib in Resources */ = {isa = PBXBuildFile; fileRef = CA6FA2A61AAE46D5004C7939 /* LaunchScreen.xib */; };
		CA6FA2B41AAE46D6004C7939 /* Pitch_PerfectTests.swift in Sources */ = {isa = PBXBuildFile; fileRef = CA6FA2B31AAE46D6004C7939 /* Pitch_PerfectTests.swift */; };
/* End PBXBuildFile section */

/* Begin PBXContainerItemProxy section */
		CA6FA2AE1AAE46D6004C7939 /* PBXContainerItemProxy */ = {
			isa = PBXContainerItemProxy;
			containerPortal = CA6FA2901AAE46D5004C7939 /* Project object */;
			proxyType = 1;
			remoteGlobalIDString = CA6FA2971AAE46D5004C7939;
			remoteInfo = "Pitch Perfect";
		};
/* End PBXContainerItemProxy section */

/* Begin PBXFileReference section */
		CA4896831ACF30EA003D6D94 /* PlaySoundsViewController.swift */ = {isa = PBXFileReference; fileEncoding = 4; lastKnownFileType = sourcecode.swift; path = PlaySoundsViewController.swift; sourceTree = "<group>"; };
		CA4896871ACF359E003D6D94 /* movie_quote.mp3 */ = {isa = PBXFileReference; lastKnownFileType = audio.mp3; name = movie_quote.mp3; path = ../../../../../Downloads/movie_quote.mp3; sourceTree = "<group>"; };
		CA6FA2981AAE46D5004C7939 /* Pitch Perfect.app */ = {isa = PBXFileReference; explicitFileType = wrapper.application; includeInIndex = 0; path = "Pitch Perfect.app"; sourceTree = BUILT_PRODUCTS_DIR; };
		CA6FA29C1AAE46D5004C7939 /* Info.plist */ = {isa = PBXFileReference; lastKnownFileType = text.plist.xml; path = Info.plist; sourceTree = "<group>"; };
		CA6FA29D1AAE46D5004C7939 /* AppDelegate.swift */ = {isa = PBXFileReference; lastKnownFileType = sourcecode.swift; path = AppDelegate.swift; sourceTree = "<group>"; };
		CA6FA29F1AAE46D5004C7939 /* ViewController.swift */ = {isa = PBXFileReference; lastKnownFileType = sourcecode.swift; path = ViewController.swift; sourceTree = "<group>"; };
		CA6FA2A21AAE46D5004C7939 /* Base */ = {isa = PBXFileReference; lastKnownFileType = file.storyboard; name = Base; path = Base.lproj/Main.storyboard; sourceTree = "<group>"; };
		CA6FA2A41AAE46D5004C7939 /* Images.xcassets */ = {isa = PBXFileReference; lastKnownFileType = folder.assetcatalog; path = Images.xcassets; sourceTree = "<group>"; };
		CA6FA2A71AAE46D5004C7939 /* Base */ = {isa = PBXFileReference; lastKnownFileType = file.xib; name = Base; path = Base.lproj/LaunchScreen.xib; sourceTree = "<group>"; };
		CA6FA2AD1AAE46D6004C7939 /* Pitch PerfectTests.xctest */ = {isa = PBXFileReference; explicitFileType = wrapper.cfbundle; includeInIndex = 0; path = "Pitch PerfectTests.xctest"; sourceTree = BUILT_PRODUCTS_DIR; };
		CA6FA2B21AAE46D6004C7939 /* Info.plist */ = {isa = PBXFileReference; lastKnownFileType = text.plist.xml; path = Info.plist; sourceTree = "<group>"; };
		CA6FA2B31AAE46D6004C7939 /* Pitch_PerfectTests.swift */ = {isa = PBXFileReference; lastKnownFileType = sourcecode.swift; path = Pitch_PerfectTests.swift; sourceTree = "<group>"; };
/* End PBXFileReference section */

/* Begin PBXFrameworksBuildPhase section */
		CA6FA2951AAE46D5004C7939 /* Frameworks */ = {
			isa = PBXFrameworksBuildPhase;
			buildActionMask = 2147483647;
			files = (
			);
			runOnlyForDeploymentPostprocessing = 0;
		};
		CA6FA2AA1AAE46D6004C7939 /* Frameworks */ = {
			isa = PBXFrameworksBuildPhase;
			buildActionMask = 2147483647;
			files = (
			);
			runOnlyForDeploymentPostprocessing = 0;
		};
/* End PBXFrameworksBuildPhase section */

/* Begin PBXGroup section */
		CA6FA28F1AAE46D5004C7939 = {
			isa = PBXGroup;
			children = (
				CA6FA29A1AAE46D5004C7939 /* Pitch Perfect */,
				CA6FA2B01AAE46D6004C7939 /* Pitch PerfectTests */,
				CA6FA2991AAE46D5004C7939 /* Products */,
			);
			sourceTree = "<group>";
		};
		CA6FA2991AAE46D5004C7939 /* Products */ = {
			isa = PBXGroup;
			children = (
				CA6FA2981AAE46D5004C7939 /* Pitch Perfect.app */,
				CA6FA2AD1AAE46D6004C7939 /* Pitch PerfectTests.xctest */,
			);
			name = Products;
			sourceTree = "<group>";
		};
		CA6FA29A1AAE46D5004C7939 /* Pitch Perfect */ = {
			isa = PBXGroup;
			children = (
				CA6FA29D1AAE46D5004C7939 /* AppDelegate.swift */,
				CA6FA29F1AAE46D5004C7939 /* ViewController.swift */,
				CA6FA2A11AAE46D5004C7939 /* Main.storyboard */,
				CA4896831ACF30EA003D6D94 /* PlaySoundsViewController.swift */,
				CA6FA2A41AAE46D5004C7939 /* Images.xcassets */,
				CA6FA2A61AAE46D5004C7939 /* LaunchScreen.xib */,
				CA6FA29B1AAE46D5004C7939 /* Supporting Files */,
			);
			path = "Pitch Perfect";
			sourceTree = "<group>";
		};
		CA6FA29B1AAE46D5004C7939 /* Supporting Files */ = {
			isa = PBXGroup;
			children = (
				CA4896871ACF359E003D6D94 /* movie_quote.mp3 */,
				CA6FA29C1AAE46D5004C7939 /* Info.plist */,
			);
			name = "Supporting Files";
			sourceTree = "<group>";
		};
		CA6FA2B01AAE46D6004C7939 /* Pitch PerfectTests */ = {
			isa = PBXGroup;
			children = (
				CA6FA2B31AAE46D6004C7939 /* Pitch_PerfectTests.swift */,
				CA6FA2B11AAE46D6004C7939 /* Supporting Files */,
			);
			path = "Pitch PerfectTests";
			sourceTree = "<group>";
		};
		CA6FA2B11AAE46D6004C7939 /* Supporting Files */ = {
			isa = PBXGroup;
			children = (
				CA6FA2B21AAE46D6004C7939 /* Info.plist */,
			);
			name = "Supporting Files";
			sourceTree = "<group>";
		};
/* End PBXGroup section */

/* Begin PBXNativeTarget section */
		CA6FA2971AAE46D5004C7939 /* Pitch Perfect */ = {
			isa = PBXNativeTarget;
			buildConfigurationList = CA6FA2B71AAE46D6004C7939 /* Build configuration list for PBXNativeTarget "Pitch Perfect" */;
			buildPhases = (
				CA6FA2941AAE46D5004C7939 /* Sources */,
				CA6FA2951AAE46D5004C7939 /* Frameworks */,
				CA6FA2961AAE46D5004C7939 /* Resources */,
			);
			buildRules = (
			);
			dependencies = (
			);
			name = "Pitch Perfect";
			productName = "Pitch Perfect";
			productReference = CA6FA2981AAE46D5004C7939 /* Pitch Perfect.app */;
			productType = "com.apple.product-type.application";
		};
		CA6FA2AC1AAE46D6004C7939 /* Pitch PerfectTests */ = {
			isa = PBXNativeTarget;
			buildConfigurationList = CA6FA2BA1AAE46D6004C7939 /* Build configuration list for PBXNativeTarget "Pitch PerfectTests" */;
			buildPhases = (
				CA6FA2A91AAE46D6004C7939 /* Sources */,
				CA6FA2AA1AAE46D6004C7939 /* Frameworks */,
				CA6FA2AB1AAE46D6004C7939 /* Resources */,
			);
			buildRules = (
			);
			dependencies = (
				CA6FA2AF1AAE46D6004C7939 /* PBXTargetDependency */,
			);
			name = "Pitch PerfectTests";
			productName = "Pitch PerfectTests";
			productReference = CA6FA2AD1AAE46D6004C7939 /* Pitch PerfectTests.xctest */;
			productType = "com.apple.product-type.bundle.unit-test";
		};
/* End PBXNativeTarget section */

/* Begin PBXProject section */
		CA6FA2901AAE46D5004C7939 /* Project object */ = {
			isa = PBXProject;
			attributes = {
				LastUpgradeCheck = 0610;
				ORGANIZATIONNAME = Laquysoft;
				TargetAttributes = {
					CA6FA2971AAE46D5004C7939 = {
						CreatedOnToolsVersion = 6.1;
						DevelopmentTeam = 69EFFA6JFW;
					};
					CA6FA2AC1AAE46D6004C7939 = {
						CreatedOnToolsVersion = 6.1;
						TestTargetID = CA6FA2971AAE46D5004C7939;
					};
				};
			};
			buildConfigurationList = CA6FA2931AAE46D5004C7939 /* Build configuration list for PBXProject "Pitch Perfect" */;
			compatibilityVersion = "Xcode 3.2";
			developmentRegion = English;
			hasScannedForEncodings = 0;
			knownRegions = (
				en,
				Base,
			);
			mainGroup = CA6FA28F1AAE46D5004C7939;
			productRefGroup = CA6FA2991AAE46D5004C7939 /* Products */;
			projectDirPath = "";
			projectRoot = "";
			targets = (
				CA6FA2971AAE46D5004C7939 /* Pitch Perfect */,
				CA6FA2AC1AAE46D6004C7939 /* Pitch PerfectTests */,
			);
		};
/* End PBXProject section */

/* Begin PBXResourcesBuildPhase section */
		CA6FA2961AAE46D5004C7939 /* Resources */ = {
			isa = PBXResourcesBuildPhase;
			buildActionMask = 2147483647;
			files = (
				CA6FA2A31AAE46D5004C7939 /* Main.storyboard in Resources */,
				CA6FA2A81AAE46D5004C7939 /* LaunchScreen.xib in Resources */,
				CA4896881ACF359E003D6D94 /* movie_quote.mp3 in Resources */,
				CA6FA2A51AAE46D5004C7939 /* Images.xcassets in Resources */,
			);
			runOnlyForDeploymentPostprocessing = 0;
		};
		CA6FA2AB1AAE46D6004C7939 /* Resources */ = {
			isa = PBXResourcesBuildPhase;
			buildActionMask = 2147483647;
			files = (
			);
			runOnlyForDeploymentPostprocessing = 0;
		};
/* End PBXResourcesBuildPhase section */

/* Begin PBXSourcesBuildPhase section */
		CA6FA2941AAE46D5004C7939 /* Sources */ = {
			isa = PBXSourcesBuildPhase;
			buildActionMask = 2147483647;
			files = (
				CA6FA2A01AAE46D5004C7939 /* ViewController.swift in Sources */,
				CA4896841ACF30EA003D6D94 /* PlaySoundsViewController.swift in Sources */,
				CA6FA29E1AAE46D5004C7939 /* AppDelegate.swift in Sources */,
			);
			runOnlyForDeploymentPostprocessing = 0;
		};
		CA6FA2A91AAE46D6004C7939 /* Sources */ = {
			isa = PBXSourcesBuildPhase;
			buildActionMask = 2147483647;
			files = (
				CA6FA2B41AAE46D6004C7939 /* Pitch_PerfectTests.swift in Sources */,
			);
			runOnlyForDeploymentPostprocessing = 0;
		};
/* End PBXSourcesBuildPhase section */

/* Begin PBXTargetDependency section */
		CA6FA2AF1AAE46D6004C7939 /* PBXTargetDependency */ = {
			isa = PBXTargetDependency;
			target = CA6FA2971AAE46D5004C7939 /* Pitch Perfect */;
			targetProxy = CA6FA2AE1AAE46D6004C7939 /* PBXContainerItemProxy */;
		};
/* End PBXTargetDependency section */

/* Begin PBXVariantGroup section */
		CA6FA2A11AAE46D5004C7939 /* Main.storyboard */ = {
			isa = PBXVariantGroup;
			children = (
				CA6FA2A21AAE46D5004C7939 /* Base */,
			);
			name = Main.storyboard;
			sourceTree = "<group>";
		};
		CA6FA2A61AAE46D5004C7939 /* LaunchScreen.xib */ = {
			isa = PBXVariantGroup;
			children = (
				CA6FA2A71AAE46D5004C7939 /* Base */,
			);
			name = LaunchScreen.xib;
			sourceTree = "<group>";
		};
/* End PBXVariantGroup section */

/* Begin XCBuildConfiguration section */
		CA6FA2B51AAE46D6004C7939 /* Debug */ = {
			isa = XCBuildConfiguration;
			buildSettings = {
				ALWAYS_SEARCH_USER_PATHS = NO;
				CLANG_CXX_LANGUAGE_STANDARD = "gnu++0x";
				CLANG_CXX_LIBRARY = "libc++";
				CLANG_ENABLE_MODULES = YES;
				CLANG_ENABLE_OBJC_ARC = YES;
				CLANG_WARN_BOOL_CONVERSION = YES;
				CLANG_WARN_CONSTANT_CONVERSION = YES;
				CLANG_WARN_DIRECT_OBJC_ISA_USAGE = YES_ERROR;
				CLANG_WARN_EMPTY_BODY = YES;
				CLANG_WARN_ENUM_CONVERSION = YES;
				CLANG_WARN_INT_CONVERSION = YES;
				CLANG_WARN_OBJC_ROOT_CLASS = YES_ERROR;
				CLANG_WARN_UNREACHABLE_CODE = YES;
				CLANG_WARN__DUPLICATE_METHOD_MATCH = YES;
				"CODE_SIGN_IDENTITY[sdk=iphoneos*]" = "iPhone Developer";
				COPY_PHASE_STRIP = NO;
				ENABLE_STRICT_OBJC_MSGSEND = YES;
				GCC_C_LANGUAGE_STANDARD = gnu99;
				GCC_DYNAMIC_NO_PIC = NO;
				GCC_OPTIMIZATION_LEVEL = 0;
				GCC_PREPROCESSOR_DEFINITIONS = (
					"DEBUG=1",
					"$(inherited)",
				);
				GCC_SYMBOLS_PRIVATE_EXTERN = NO;
				GCC_WARN_64_TO_32_BIT_CONVERSION = YES;
				GCC_WARN_ABOUT_RETURN_TYPE = YES_ERROR;
				GCC_WARN_UNDECLARED_SELECTOR = YES;
				GCC_WARN_UNINITIALIZED_AUTOS = YES_AGGRESSIVE;
				GCC_WARN_UNUSED_FUNCTION = YES;
				GCC_WARN_UNUSED_VARIABLE = YES;
				IPHONEOS_DEPLOYMENT_TARGET = 8.1;
				MTL_ENABLE_DEBUG_INFO = YES;
				ONLY_ACTIVE_ARCH = YES;
				SDKROOT = iphoneos;
				SWIFT_OPTIMIZATION_LEVEL = "-Onone";
			};
			name = Debug;
		};
		CA6FA2B61AAE46D6004C7939 /* Release */ = {
			isa = XCBuildConfiguration;
			buildSettings = {
				ALWAYS_SEARCH_USER_PATHS = NO;
				CLANG_CXX_LANGUAGE_STANDARD = "gnu++0x";
				CLANG_CXX_LIBRARY = "libc++";
				CLANG_ENABLE_MODULES = YES;
				CLANG_ENABLE_OBJC_ARC = YES;
				CLANG_WARN_BOOL_CONVERSION = YES;
				CLANG_WARN_CONSTANT_CONVERSION = YES;
				CLANG_WARN_DIRECT_OBJC_ISA_USAGE = YES_ERROR;
				CLANG_WARN_EMPTY_BODY = YES;
				CLANG_WARN_ENUM_CONVERSION = YES;
				CLANG_WARN_INT_CONVERSION = YES;
				CLANG_WARN_OBJC_ROOT_CLASS = YES_ERROR;
				CLANG_WARN_UNREACHABLE_CODE = YES;
				CLANG_WARN__DUPLICATE_METHOD_MATCH = YES;
				"CODE_SIGN_IDENTITY[sdk=iphoneos*]" = "iPhone Developer";
				COPY_PHASE_STRIP = YES;
				ENABLE_NS_ASSERTIONS = NO;
				ENABLE_STRICT_OBJC_MSGSEND = YES;
				GCC_C_LANGUAGE_STANDARD = gnu99;
				GCC_WARN_64_TO_32_BIT_CONVERSION = YES;
				GCC_WARN_ABOUT_RETURN_TYPE = YES_ERROR;
				GCC_WARN_UNDECLARED_SELECTOR = YES;
				GCC_WARN_UNINITIALIZED_AUTOS = YES_AGGRESSIVE;
				GCC_WARN_UNUSED_FUNCTION = YES;
				GCC_WARN_UNUSED_VARIABLE = YES;
				IPHONEOS_DEPLOYMENT_TARGET = 8.1;
				MTL_ENABLE_DEBUG_INFO = NO;
				SDKROOT = iphoneos;
				VALIDATE_PRODUCT = YES;
			};
			name = Release;
		};
		CA6FA2B81AAE46D6004C7939 /* Debug */ = {
			isa = XCBuildConfiguration;
			buildSettings = {
				ASSETCATALOG_COMPILER_APPICON_NAME = AppIcon;
				INFOPLIST_FILE = "Pitch Perfect/Info.plist";
				LD_RUNPATH_SEARCH_PATHS = "$(inherited) @executable_path/Frameworks";
				PRODUCT_NAME = "$(TARGET_NAME)";
			};
			name = Debug;
		};
		CA6FA2B91AAE46D6004C7939 /* Release */ = {
			isa = XCBuildConfiguration;
			buildSettings = {
				ASSETCATALOG_COMPILER_APPICON_NAME = AppIcon;
				INFOPLIST_FILE = "Pitch Perfect/Info.plist";
				LD_RUNPATH_SEARCH_PATHS = "$(inherited) @executable_path/Frameworks";
				PRODUCT_NAME = "$(TARGET_NAME)";
			};
			name = Release;
		};
		CA6FA2BB1AAE46D6004C7939 /* Debug */ = {
			isa = XCBuildConfiguration;
			buildSettings = {
				BUNDLE_LOADER = "$(TEST_HOST)";
				FRAMEWORK_SEARCH_PATHS = (
					"$(SDKROOT)/Developer/Library/Frameworks",
					"$(inherited)",
				);
				GCC_PREPROCESSOR_DEFINITIONS = (
					"DEBUG=1",
					"$(inherited)",
				);
				INFOPLIST_FILE = "Pitch PerfectTests/Info.plist";
				LD_RUNPATH_SEARCH_PATHS = "$(inherited) @executable_path/Frameworks @loader_path/Frameworks";
				PRODUCT_NAME = "$(TARGET_NAME)";
				TEST_HOST = "$(BUILT_PRODUCTS_DIR)/Pitch Perfect.app/Pitch Perfect";
			};
			name = Debug;
		};
		CA6FA2BC1AAE46D6004C7939 /* Release */ = {
			isa = XCBuildConfiguration;
			buildSettings = {
				BUNDLE_LOADER = "$(TEST_HOST)";
				FRAMEWORK_SEARCH_PATHS = (
					"$(SDKROOT)/Developer/Library/Frameworks",
					"$(inherited)",
				);
				INFOPLIST_FILE = "Pitch PerfectTests/Info.plist";
				LD_RUNPATH_SEARCH_PATHS = "$(inherited) @executable_path/Frameworks @loader_path/Frameworks";
				PRODUCT_NAME = "$(TARGET_NAME)";
				TEST_HOST = "$(BUILT_PRODUCTS_DIR)/Pitch Perfect.app/Pitch Perfect";
			};
			name = Release;
		};
/* End XCBuildConfiguration section */

/* Begin XCConfigurationList section */
		CA6FA2931AAE46D5004C7939 /* Build configuration list for PBXProject "Pitch Perfect" */ = {
			isa = XCConfigurationList;
			buildConfigurations = (
				CA6FA2B51AAE46D6004C7939 /* Debug */,
				CA6FA2B61AAE46D6004C7939 /* Release */,
			);
			defaultConfigurationIsVisible = 0;
			defaultConfigurationName = Release;
		};
		CA6FA2B71AAE46D6004C7939 /* Build configuration list for PBXNativeTarget "Pitch Perfect" */ = {
			isa = XCConfigurationList;
			buildConfigurations = (
				CA6FA2B81AAE46D6004C7939 /* Debug */,
				CA6FA2B91AAE46D6004C7939 /* Release */,
			);
			defaultConfigurationIsVisible = 0;
			defaultConfigurationName = Release;
		};
		CA6FA2BA1AAE46D6004C7939 /* Build configuration list for PBXNativeTarget "Pitch PerfectTests" */ = {
			isa = XCConfigurationList;
			buildConfigurations = (
				CA6FA2BB1AAE46D6004C7939 /* Debug */,
				CA6FA2BC1AAE46D6004C7939 /* Release */,
			);
			defaultConfigurationIsVisible = 0;
			defaultConfigurationName = Release;
		};
/* End XCConfigurationList section */
	};
	rootObject = CA6FA2901AAE46D5004C7939 /* Project object */;
}
